
Microsoft Visual Studio Solution File, Format Version 12.00
# Visual Studio 15
VisualStudioVersion = 15.0.28307.779
MinimumVisualStudioVersion = 10.0.40219.1
Project("{FAE04EC0-301F-11D3-BF4B-00C04F79EFBC}") = "ShapesCollisions", "ShapesCollisions\ShapesCollisions.csproj", "{CF6EF5D3-1F25-4A15-BD24-2FE76A57750B}"
EndProject
Project("{FAE04EC0-301F-11D3-BF4B-00C04F79EFBC}") = "WindowsFormsApp1", "WindowsFormsApp1\WindowsFormsApp1.csproj", "{A23460B1-A3AF-4C74-A42A-59F90C46FD00}"
EndProject
Global
	GlobalSection(SolutionConfigurationPlatforms) = preSolution
		Debug|Any CPU = Debug|Any CPU
		Release|Any CPU = Release|Any CPU
	EndGlobalSection
	GlobalSection(ProjectConfigurationPlatforms) = postSolution
		{CF6EF5D3-1F25-4A15-BD24-2FE76A57750B}.Debug|Any CPU.ActiveCfg = Debug|Any CPU
		{CF6EF5D3-1F25-4A15-BD24-2FE76A57750B}.Debug|Any CPU.Build.0 = Debug|Any CPU
		{CF6EF5D3-1F25-4A15-BD24-2FE76A57750B}.Release|Any CPU.ActiveCfg = Release|Any CPU
		{CF6EF5D3-1F25-4A15-BD24-2FE76A57750B}.Release|Any CPU.Build.0 = Release|Any CPU
		{A23460B1-A3AF-4C74-A42A-59F90C46FD00}.Debug|Any CPU.ActiveCfg = Debug|Any CPU
		{A23460B1-A3AF-4C74-A42A-59F90C46FD00}.Debug|Any CPU.Build.0 = Debug|Any CPU
		{A23460B1-A3AF-4C74-A42A-59F90C46FD00}.Release|Any CPU.ActiveCfg = Release|Any CPU
		{A23460B1-A3AF-4C74-A42A-59F90C46FD00}.Release|Any CPU.Build.0 = Release|Any CPU
	EndGlobalSection
	GlobalSection(SolutionProperties) = preSolution
		HideSolutionNode = FALSE
	EndGlobalSection
	GlobalSection(ExtensibilityGlobals) = postSolution
		SolutionGuid = {DF811FBD-5DBF-4662-A68D-FC14D11C0E16}
	EndGlobalSection
EndGlobal
